
Microsoft Visual Studio Solution File, Format Version 12.00
# Visual Studio Version 17
VisualStudioVersion = 17.7.34003.232
MinimumVisualStudioVersion = 10.0.40219.1
Project("{FAE04EC0-301F-11D3-BF4B-00C04F79EFBC}") = "SqlClientIntegration", "SqlClientIntegration\SqlClientIntegration.csproj", "{C4E76AD2-8B23-444B-BC32-ADC5B463B633}"
EndProject
Global
	GlobalSection(SolutionConfigurationPlatforms) = preSolution
		Debug|Any CPU = Debug|Any CPU
		Release|Any CPU = Release|Any CPU
	EndGlobalSection
	GlobalSection(ProjectConfigurationPlatforms) = postSolution
		{C4E76AD2-8B23-444B-BC32-ADC5B463B633}.Debug|Any CPU.ActiveCfg = Debug|Any CPU
		{C4E76AD2-8B23-444B-BC32-ADC5B463B633}.Debug|Any CPU.Build.0 = Debug|Any CPU
		{C4E76AD2-8B23-444B-BC32-ADC5B463B633}.Release|Any CPU.ActiveCfg = Release|Any CPU
		{C4E76AD2-8B23-444B-BC32-ADC5B463B633}.Release|Any CPU.Build.0 = Release|Any CPU
	EndGlobalSection
	GlobalSection(SolutionProperties) = preSolution
		HideSolutionNode = FALSE
	EndGlobalSection
	GlobalSection(ExtensibilityGlobals) = postSolution
		SolutionGuid = {6DE69803-FD64-476D-A657-CB2680317DD0}
	EndGlobalSection
EndGlobal
